
Microsoft Visual Studio Solution File, Format Version 12.00
# Visual Studio Version 16
VisualStudioVersion = 16.0.29326.143
MinimumVisualStudioVersion = 10.0.40219.1
Project("{FAE04EC0-301F-11D3-BF4B-00C04F79EFBC}") = "CheckOnCorrectPlacement", "CheckOnCorrectPlacement.csproj", "{C679A5E8-F245-46DA-99FB-CC7B7A18DB9C}"
EndProject
Project("{FAE04EC0-301F-11D3-BF4B-00C04F79EFBC}") = "SqlDatabase", "DBCheckedTestCase\SqlDatabase.csproj", "{42381F0E-F2C0-4E15-9E5F-8CAB2F59236D}"
EndProject
Project("{FAE04EC0-301F-11D3-BF4B-00C04F79EFBC}") = "WebInterface", "WebInterface\WebInterface.csproj", "{56C5A1DD-AE0C-4608-998B-17551CE16A47}"
EndProject
Project("{FAE04EC0-301F-11D3-BF4B-00C04F79EFBC}") = "DataService", "DataService\DataService.csproj", "{DE8C9598-A644-4DEF-B8D6-4008CFA33F06}"
EndProject
Global
	GlobalSection(SolutionConfigurationPlatforms) = preSolution
		Debug|Any CPU = Debug|Any CPU
		Debug|ARM = Debug|ARM
		Debug|ARM64 = Debug|ARM64
		Debug|x64 = Debug|x64
		Debug|x86 = Debug|x86
		Release|Any CPU = Release|Any CPU
		Release|ARM = Release|ARM
		Release|ARM64 = Release|ARM64
		Release|x64 = Release|x64
		Release|x86 = Release|x86
	EndGlobalSection
	GlobalSection(ProjectConfigurationPlatforms) = postSolution
		{C679A5E8-F245-46DA-99FB-CC7B7A18DB9C}.Debug|Any CPU.ActiveCfg = Debug|Any CPU
		{C679A5E8-F245-46DA-99FB-CC7B7A18DB9C}.Debug|Any CPU.Build.0 = Debug|Any CPU
		{C679A5E8-F245-46DA-99FB-CC7B7A18DB9C}.Debug|ARM.ActiveCfg = Debug|Any CPU
		{C679A5E8-F245-46DA-99FB-CC7B7A18DB9C}.Debug|ARM.Build.0 = Debug|Any CPU
		{C679A5E8-F245-46DA-99FB-CC7B7A18DB9C}.Debug|ARM64.ActiveCfg = Debug|Any CPU
		{C679A5E8-F245-46DA-99FB-CC7B7A18DB9C}.Debug|ARM64.Build.0 = Debug|Any CPU
		{C679A5E8-F245-46DA-99FB-CC7B7A18DB9C}.Debug|x64.ActiveCfg = Debug|Any CPU
		{C679A5E8-F245-46DA-99FB-CC7B7A18DB9C}.Debug|x64.Build.0 = Debug|Any CPU
		{C679A5E8-F245-46DA-99FB-CC7B7A18DB9C}.Debug|x86.ActiveCfg = Debug|Any CPU
		{C679A5E8-F245-46DA-99FB-CC7B7A18DB9C}.Debug|x86.Build.0 = Debug|Any CPU
		{C679A5E8-F245-46DA-99FB-CC7B7A18DB9C}.Release|Any CPU.ActiveCfg = Release|Any CPU
		{C679A5E8-F245-46DA-99FB-CC7B7A18DB9C}.Release|Any CPU.Build.0 = Release|Any CPU
		{C679A5E8-F245-46DA-99FB-CC7B7A18DB9C}.Release|ARM.ActiveCfg = Release|Any CPU
		{C679A5E8-F245-46DA-99FB-CC7B7A18DB9C}.Release|ARM.Build.0 = Release|Any CPU
		{C679A5E8-F245-46DA-99FB-CC7B7A18DB9C}.Release|ARM64.ActiveCfg = Release|Any CPU
		{C679A5E8-F245-46DA-99FB-CC7B7A18DB9C}.Release|ARM64.Build.0 = Release|Any CPU
		{C679A5E8-F245-46DA-99FB-CC7B7A18DB9C}.Release|x64.ActiveCfg = Release|Any CPU
		{C679A5E8-F245-46DA-99FB-CC7B7A18DB9C}.Release|x64.Build.0 = Release|Any CPU
		{C679A5E8-F245-46DA-99FB-CC7B7A18DB9C}.Release|x86.ActiveCfg = Release|Any CPU
		{C679A5E8-F245-46DA-99FB-CC7B7A18DB9C}.Release|x86.Build.0 = Release|Any CPU
		{42381F0E-F2C0-4E15-9E5F-8CAB2F59236D}.Debug|Any CPU.ActiveCfg = Debug|Any CPU
		{42381F0E-F2C0-4E15-9E5F-8CAB2F59236D}.Debug|Any CPU.Build.0 = Debug|Any CPU
		{42381F0E-F2C0-4E15-9E5F-8CAB2F59236D}.Debug|ARM.ActiveCfg = Debug|Any CPU
		{42381F0E-F2C0-4E15-9E5F-8CAB2F59236D}.Debug|ARM.Build.0 = Debug|Any CPU
		{42381F0E-F2C0-4E15-9E5F-8CAB2F59236D}.Debug|ARM64.ActiveCfg = Debug|Any CPU
		{42381F0E-F2C0-4E15-9E5F-8CAB2F59236D}.Debug|ARM64.Build.0 = Debug|Any CPU
		{42381F0E-F2C0-4E15-9E5F-8CAB2F59236D}.Debug|x64.ActiveCfg = Debug|Any CPU
		{42381F0E-F2C0-4E15-9E5F-8CAB2F59236D}.Debug|x64.Build.0 = Debug|Any CPU
		{42381F0E-F2C0-4E15-9E5F-8CAB2F59236D}.Debug|x86.ActiveCfg = Debug|Any CPU
		{42381F0E-F2C0-4E15-9E5F-8CAB2F59236D}.Debug|x86.Build.0 = Debug|Any CPU
		{42381F0E-F2C0-4E15-9E5F-8CAB2F59236D}.Release|Any CPU.ActiveCfg = Release|Any CPU
		{42381F0E-F2C0-4E15-9E5F-8CAB2F59236D}.Release|Any CPU.Build.0 = Release|Any CPU
		{42381F0E-F2C0-4E15-9E5F-8CAB2F59236D}.Release|ARM.ActiveCfg = Release|Any CPU
		{42381F0E-F2C0-4E15-9E5F-8CAB2F59236D}.Release|ARM.Build.0 = Release|Any CPU
		{42381F0E-F2C0-4E15-9E5F-8CAB2F59236D}.Release|ARM64.ActiveCfg = Release|Any CPU
		{42381F0E-F2C0-4E15-9E5F-8CAB2F59236D}.Release|ARM64.Build.0 = Release|Any CPU
		{42381F0E-F2C0-4E15-9E5F-8CAB2F59236D}.Release|x64.ActiveCfg = Release|Any CPU
		{42381F0E-F2C0-4E15-9E5F-8CAB2F59236D}.Release|x64.Build.0 = Release|Any CPU
		{42381F0E-F2C0-4E15-9E5F-8CAB2F59236D}.Release|x86.ActiveCfg = Release|Any CPU
		{42381F0E-F2C0-4E15-9E5F-8CAB2F59236D}.Release|x86.Build.0 = Release|Any CPU
		{56C5A1DD-AE0C-4608-998B-17551CE16A47}.Debug|Any CPU.ActiveCfg = Debug|Any CPU
		{56C5A1DD-AE0C-4608-998B-17551CE16A47}.Debug|Any CPU.Build.0 = Debug|Any CPU
		{56C5A1DD-AE0C-4608-998B-17551CE16A47}.Debug|ARM.ActiveCfg = Debug|Any CPU
		{56C5A1DD-AE0C-4608-998B-17551CE16A47}.Debug|ARM.Build.0 = Debug|Any CPU
		{56C5A1DD-AE0C-4608-998B-17551CE16A47}.Debug|ARM64.ActiveCfg = Debug|Any CPU
		{56C5A1DD-AE0C-4608-998B-17551CE16A47}.Debug|ARM64.Build.0 = Debug|Any CPU
		{56C5A1DD-AE0C-4608-998B-17551CE16A47}.Debug|x64.ActiveCfg = Debug|Any CPU
		{56C5A1DD-AE0C-4608-998B-17551CE16A47}.Debug|x64.Build.0 = Debug|Any CPU
		{56C5A1DD-AE0C-4608-998B-17551CE16A47}.Debug|x86.ActiveCfg = Debug|Any CPU
		{56C5A1DD-AE0C-4608-998B-17551CE16A47}.Debug|x86.Build.0 = Debug|Any CPU
		{56C5A1DD-AE0C-4608-998B-17551CE16A47}.Release|Any CPU.ActiveCfg = Release|Any CPU
		{56C5A1DD-AE0C-4608-998B-17551CE16A47}.Release|Any CPU.Build.0 = Release|Any CPU
		{56C5A1DD-AE0C-4608-998B-17551CE16A47}.Release|ARM.ActiveCfg = Release|Any CPU
		{56C5A1DD-AE0C-4608-998B-17551CE16A47}.Release|ARM.Build.0 = Release|Any CPU
		{56C5A1DD-AE0C-4608-998B-17551CE16A47}.Release|ARM64.ActiveCfg = Release|Any CPU
		{56C5A1DD-AE0C-4608-998B-17551CE16A47}.Release|ARM64.Build.0 = Release|Any CPU
		{56C5A1DD-AE0C-4608-998B-17551CE16A47}.Release|x64.ActiveCfg = Release|Any CPU
		{56C5A1DD-AE0C-4608-998B-17551CE16A47}.Release|x64.Build.0 = Release|Any CPU
		{56C5A1DD-AE0C-4608-998B-17551CE16A47}.Release|x86.ActiveCfg = Release|Any CPU
		{56C5A1DD-AE0C-4608-998B-17551CE16A47}.Release|x86.Build.0 = Release|Any CPU
		{DE8C9598-A644-4DEF-B8D6-4008CFA33F06}.Debug|Any CPU.ActiveCfg = Debug|Any CPU
		{DE8C9598-A644-4DEF-B8D6-4008CFA33F06}.Debug|Any CPU.Build.0 = Debug|Any CPU
		{DE8C9598-A644-4DEF-B8D6-4008CFA33F06}.Debug|ARM.ActiveCfg = Debug|Any CPU
		{DE8C9598-A644-4DEF-B8D6-4008CFA33F06}.Debug|ARM.Build.0 = Debug|Any CPU
		{DE8C9598-A644-4DEF-B8D6-4008CFA33F06}.Debug|ARM64.ActiveCfg = Debug|Any CPU
		{DE8C9598-A644-4DEF-B8D6-4008CFA33F06}.Debug|ARM64.Build.0 = Debug|Any CPU
		{DE8C9598-A644-4DEF-B8D6-4008CFA33F06}.Debug|x64.ActiveCfg = Debug|Any CPU
		{DE8C9598-A644-4DEF-B8D6-4008CFA33F06}.Debug|x64.Build.0 = Debug|Any CPU
		{DE8C9598-A644-4DEF-B8D6-4008CFA33F06}.Debug|x86.ActiveCfg = Debug|Any CPU
		{DE8C9598-A644-4DEF-B8D6-4008CFA33F06}.Debug|x86.Build.0 = Debug|Any CPU
		{DE8C9598-A644-4DEF-B8D6-4008CFA33F06}.Release|Any CPU.ActiveCfg = Release|Any CPU
		{DE8C9598-A644-4DEF-B8D6-4008CFA33F06}.Release|Any CPU.Build.0 = Release|Any CPU
		{DE8C9598-A644-4DEF-B8D6-4008CFA33F06}.Release|ARM.ActiveCfg = Release|Any CPU
		{DE8C9598-A644-4DEF-B8D6-4008CFA33F06}.Release|ARM.Build.0 = Release|Any CPU
		{DE8C9598-A644-4DEF-B8D6-4008CFA33F06}.Release|ARM64.ActiveCfg = Release|Any CPU
		{DE8C9598-A644-4DEF-B8D6-4008CFA33F06}.Release|ARM64.Build.0 = Release|Any CPU
		{DE8C9598-A644-4DEF-B8D6-4008CFA33F06}.Release|x64.ActiveCfg = Release|Any CPU
		{DE8C9598-A644-4DEF-B8D6-4008CFA33F06}.Release|x64.Build.0 = Release|Any CPU
		{DE8C9598-A644-4DEF-B8D6-4008CFA33F06}.Release|x86.ActiveCfg = Release|Any CPU
		{DE8C9598-A644-4DEF-B8D6-4008CFA33F06}.Release|x86.Build.0 = Release|Any CPU
	EndGlobalSection
	GlobalSection(SolutionProperties) = preSolution
		HideSolutionNode = FALSE
	EndGlobalSection
	GlobalSection(ExtensibilityGlobals) = postSolution
		SolutionGuid = {83F40C36-1050-4C63-B669-39ABCFAB9361}
	EndGlobalSection
EndGlobal
