
Microsoft Visual Studio Solution File, Format Version 12.00
# Visual Studio Version 16
VisualStudioVersion = 16.0.29326.143
MinimumVisualStudioVersion = 10.0.40219.1
Project("{FAE04EC0-301F-11D3-BF4B-00C04F79EFBC}") = "ConsoleApp1", "ConsoleApp1.csproj", "{C679A5E8-F245-46DA-99FB-CC7B7A18DB9C}"
EndProject
Global
	GlobalSection(SolutionConfigurationPlatforms) = preSolution
		Debug|Any CPU = Debug|Any CPU
		Release|Any CPU = Release|Any CPU
	EndGlobalSection
	GlobalSection(ProjectConfigurationPlatforms) = postSolution
		{C679A5E8-F245-46DA-99FB-CC7B7A18DB9C}.Debug|Any CPU.ActiveCfg = Debug|Any CPU
		{C679A5E8-F245-46DA-99FB-CC7B7A18DB9C}.Debug|Any CPU.Build.0 = Debug|Any CPU
		{C679A5E8-F245-46DA-99FB-CC7B7A18DB9C}.Release|Any CPU.ActiveCfg = Release|Any CPU
		{C679A5E8-F245-46DA-99FB-CC7B7A18DB9C}.Release|Any CPU.Build.0 = Release|Any CPU
	EndGlobalSection
	GlobalSection(SolutionProperties) = preSolution
		HideSolutionNode = FALSE
	EndGlobalSection
	GlobalSection(ExtensibilityGlobals) = postSolution
		SolutionGuid = {83F40C36-1050-4C63-B669-39ABCFAB9361}
	EndGlobalSection
EndGlobal
